
Microsoft Visual Studio Solution File, Format Version 12.00
# Visual Studio 15
VisualStudioVersion = 15.0.27130.2027
MinimumVisualStudioVersion = 10.0.40219.1
Project("{FAE04EC0-301F-11D3-BF4B-00C04F79EFBC}") = "Exercise.PrismBasic", "Exercise.Prism\Exercise.PrismBasic.csproj", "{639F2202-74C4-4AF7-A16A-120A6EC5BD59}"
EndProject
Global
	GlobalSection(SolutionConfigurationPlatforms) = preSolution
		Debug|Any CPU = Debug|Any CPU
		Release|Any CPU = Release|Any CPU
	EndGlobalSection
	GlobalSection(ProjectConfigurationPlatforms) = postSolution
		{639F2202-74C4-4AF7-A16A-120A6EC5BD59}.Debug|Any CPU.ActiveCfg = Debug|Any CPU
		{639F2202-74C4-4AF7-A16A-120A6EC5BD59}.Debug|Any CPU.Build.0 = Debug|Any CPU
		{639F2202-74C4-4AF7-A16A-120A6EC5BD59}.Release|Any CPU.ActiveCfg = Release|Any CPU
		{639F2202-74C4-4AF7-A16A-120A6EC5BD59}.Release|Any CPU.Build.0 = Release|Any CPU
	EndGlobalSection
	GlobalSection(SolutionProperties) = preSolution
		HideSolutionNode = FALSE
	EndGlobalSection
	GlobalSection(ExtensibilityGlobals) = postSolution
		SolutionGuid = {F6B7FF30-63AF-4E01-B32B-D120D3183357}
	EndGlobalSection
EndGlobal
